
Microsoft Visual Studio Solution File, Format Version 12.00
# Visual Studio Version 17
VisualStudioVersion = 17.5.002.0
MinimumVisualStudioVersion = 10.0.40219.1
Project("{2150E333-8FDC-42A3-9474-1A3956D46DE8}") = "CsharpProjects", "CsharpProjects", "{42A0F9A2-F6B4-469A-94CD-06B274D5B512}"
EndProject
Project("{9A19103F-16F7-4668-BE54-9A1E7A4F7556}") = "TestProject", "CsharpProjects\TestProject\TestProject.csproj", "{C3E175F5-30AB-46B3-A0B1-71A61B66949A}"
EndProject
Project("{2150E333-8FDC-42A3-9474-1A3956D46DE8}") = "Parte 2 - Criar e executar aplicativos de console C# simples", "Parte 2 - Criar e executar aplicativos de console C# simples", "{739A3800-3C32-470C-B2A8-8F7158AC57AC}"
EndProject
Project("{2150E333-8FDC-42A3-9474-1A3956D46DE8}") = "Módulo 1: Instalar e configurar o Visual Studio Code", "Módulo 1: Instalar e configurar o Visual Studio Code", "{6B1E0DEE-8013-478A-8B1C-A938022C7831}"
EndProject
Project("{2150E333-8FDC-42A3-9474-1A3956D46DE8}") = "CSharpProjects", "CSharpProjects", "{647C9ED6-6ED4-4A83-A847-1E72819B38F4}"
EndProject
Project("{9A19103F-16F7-4668-BE54-9A1E7A4F7556}") = "TestProject", "Parte 2 - Criar e executar aplicativos de console C# simples\Módulo 1: Instalar e configurar o Visual Studio Code\CSharpProjects\TestProject\TestProject.csproj", "{11D5629B-7E8D-4EFB-9213-CAB4BF6ACB4F}"
EndProject
Global
	GlobalSection(SolutionConfigurationPlatforms) = preSolution
		Debug|Any CPU = Debug|Any CPU
		Release|Any CPU = Release|Any CPU
	EndGlobalSection
	GlobalSection(ProjectConfigurationPlatforms) = postSolution
		{C3E175F5-30AB-46B3-A0B1-71A61B66949A}.Debug|Any CPU.ActiveCfg = Debug|Any CPU
		{C3E175F5-30AB-46B3-A0B1-71A61B66949A}.Debug|Any CPU.Build.0 = Debug|Any CPU
		{C3E175F5-30AB-46B3-A0B1-71A61B66949A}.Release|Any CPU.ActiveCfg = Release|Any CPU
		{C3E175F5-30AB-46B3-A0B1-71A61B66949A}.Release|Any CPU.Build.0 = Release|Any CPU
		{11D5629B-7E8D-4EFB-9213-CAB4BF6ACB4F}.Debug|Any CPU.ActiveCfg = Debug|Any CPU
		{11D5629B-7E8D-4EFB-9213-CAB4BF6ACB4F}.Debug|Any CPU.Build.0 = Debug|Any CPU
		{11D5629B-7E8D-4EFB-9213-CAB4BF6ACB4F}.Release|Any CPU.ActiveCfg = Release|Any CPU
		{11D5629B-7E8D-4EFB-9213-CAB4BF6ACB4F}.Release|Any CPU.Build.0 = Release|Any CPU
	EndGlobalSection
	GlobalSection(SolutionProperties) = preSolution
		HideSolutionNode = FALSE
	EndGlobalSection
	GlobalSection(NestedProjects) = preSolution
		{C3E175F5-30AB-46B3-A0B1-71A61B66949A} = {42A0F9A2-F6B4-469A-94CD-06B274D5B512}
		{6B1E0DEE-8013-478A-8B1C-A938022C7831} = {739A3800-3C32-470C-B2A8-8F7158AC57AC}
		{647C9ED6-6ED4-4A83-A847-1E72819B38F4} = {6B1E0DEE-8013-478A-8B1C-A938022C7831}
		{11D5629B-7E8D-4EFB-9213-CAB4BF6ACB4F} = {647C9ED6-6ED4-4A83-A847-1E72819B38F4}
	EndGlobalSection
	GlobalSection(ExtensibilityGlobals) = postSolution
		SolutionGuid = {B1470EA8-3AA0-4DEC-AC2D-6807EBACF182}
	EndGlobalSection
EndGlobal
